
Microsoft Visual Studio Solution File, Format Version 12.00
# Visual Studio Version 16
VisualStudioVersion = 16.0.30804.86
MinimumVisualStudioVersion = 10.0.40219.1
Project("{FAE04EC0-301F-11D3-BF4B-00C04F79EFBC}") = "CISample", "CISample\CISample.csproj", "{FDF62A02-E488-4222-B29D-AC1DB2033B51}"
EndProject
Project("{FAE04EC0-301F-11D3-BF4B-00C04F79EFBC}") = "CISampleTests", "CISampleTests\CISampleTests.csproj", "{F2B42A0F-5D20-4A65-B819-8DEB132906A8}"
EndProject
Global
	GlobalSection(SolutionConfigurationPlatforms) = preSolution
		Debug|Any CPU = Debug|Any CPU
		Release|Any CPU = Release|Any CPU
	EndGlobalSection
	GlobalSection(ProjectConfigurationPlatforms) = postSolution
		{FDF62A02-E488-4222-B29D-AC1DB2033B51}.Debug|Any CPU.ActiveCfg = Debug|Any CPU
		{FDF62A02-E488-4222-B29D-AC1DB2033B51}.Debug|Any CPU.Build.0 = Debug|Any CPU
		{FDF62A02-E488-4222-B29D-AC1DB2033B51}.Release|Any CPU.ActiveCfg = Release|Any CPU
		{FDF62A02-E488-4222-B29D-AC1DB2033B51}.Release|Any CPU.Build.0 = Release|Any CPU
		{F2B42A0F-5D20-4A65-B819-8DEB132906A8}.Debug|Any CPU.ActiveCfg = Debug|Any CPU
		{F2B42A0F-5D20-4A65-B819-8DEB132906A8}.Debug|Any CPU.Build.0 = Debug|Any CPU
		{F2B42A0F-5D20-4A65-B819-8DEB132906A8}.Release|Any CPU.ActiveCfg = Release|Any CPU
		{F2B42A0F-5D20-4A65-B819-8DEB132906A8}.Release|Any CPU.Build.0 = Release|Any CPU
	EndGlobalSection
	GlobalSection(SolutionProperties) = preSolution
		HideSolutionNode = FALSE
	EndGlobalSection
	GlobalSection(ExtensibilityGlobals) = postSolution
		SolutionGuid = {ED3A5E54-DA5C-4E55-A011-882651102B36}
	EndGlobalSection
EndGlobal
